// !$*UTF8*$!
{
	archiveVersion = 1;
	classes = {
	};
	objectVersion = 50;
	objects = {

/* Begin PBXBuildFile section */
		5DD4C1CB221822A300F753F9 /* AppDelegate.swift in Sources */ = {isa = PBXBuildFile; fileRef = 5DD4C1CA221822A300F753F9 /* AppDelegate.swift */; };
		5DD4C1CD221822A300F753F9 /* ViewController.swift in Sources */ = {isa = PBXBuildFile; fileRef = 5DD4C1CC221822A300F753F9 /* ViewController.swift */; };
		5DD4C1D2221822A400F753F9 /* Assets.xcassets in Resources */ = {isa = PBXBuildFile; fileRef = 5DD4C1D1221822A400F753F9 /* Assets.xcassets */; };
		5DD4C1D5221822A400F753F9 /* LaunchScreen.storyboard in Resources */ = {isa = PBXBuildFile; fileRef = 5DD4C1D3221822A400F753F9 /* LaunchScreen.storyboard */; };
		5DD4C1E0221822A400F753F9 /* reSEEtTests.swift in Sources */ = {isa = PBXBuildFile; fileRef = 5DD4C1DF221822A400F753F9 /* reSEEtTests.swift */; };
		5DD4C1EB221822A400F753F9 /* reSEEtUITests.swift in Sources */ = {isa = PBXBuildFile; fileRef = 5DD4C1EA221822A400F753F9 /* reSEEtUITests.swift */; };
		5DD4C1F92218233100F753F9 /* GoogleService-Info.plist in Resources */ = {isa = PBXBuildFile; fileRef = 5DD4C1F82218233100F753F9 /* GoogleService-Info.plist */; };
		5DD4C1FA2218233100F753F9 /* GoogleService-Info.plist in Resources */ = {isa = PBXBuildFile; fileRef = 5DD4C1F82218233100F753F9 /* GoogleService-Info.plist */; };
		5DD4C1FB2218233100F753F9 /* GoogleService-Info.plist in Resources */ = {isa = PBXBuildFile; fileRef = 5DD4C1F82218233100F753F9 /* GoogleService-Info.plist */; };
		631B4BAC9E3E65877EFD886C /* Pods_reSEEtTests.framework in Frameworks */ = {isa = PBXBuildFile; fileRef = 3E875C95AB6B10A04EC4862E /* Pods_reSEEtTests.framework */; };
		85E5099A8196060FE1A8B062 /* Pods_reSEEtUITests.framework in Frameworks */ = {isa = PBXBuildFile; fileRef = 02D87BB3F7500F6A34DC76BD /* Pods_reSEEtUITests.framework */; };
		E19496A576C5ED1007301D75 /* Pods_reSEEt.framework in Frameworks */ = {isa = PBXBuildFile; fileRef = C4C5F2EB5AEA66C5EF8F7931 /* Pods_reSEEt.framework */; };
/* End PBXBuildFile section */

/* Begin PBXContainerItemProxy section */
		5DD4C1DC221822A400F753F9 /* PBXContainerItemProxy */ = {
			isa = PBXContainerItemProxy;
			containerPortal = 5DD4C1BF221822A300F753F9 /* Project object */;
			proxyType = 1;
			remoteGlobalIDString = 5DD4C1C6221822A300F753F9;
			remoteInfo = reSEEt;
		};
		5DD4C1E7221822A400F753F9 /* PBXContainerItemProxy */ = {
			isa = PBXContainerItemProxy;
			containerPortal = 5DD4C1BF221822A300F753F9 /* Project object */;
			proxyType = 1;
			remoteGlobalIDString = 5DD4C1C6221822A300F753F9;
			remoteInfo = reSEEt;
		};
/* End PBXContainerItemProxy section */

/* Begin PBXFileReference section */
		02D87BB3F7500F6A34DC76BD /* Pods_reSEEtUITests.framework */ = {isa = PBXFileReference; explicitFileType = wrapper.framework; includeInIndex = 0; path = Pods_reSEEtUITests.framework; sourceTree = BUILT_PRODUCTS_DIR; };
		3E875C95AB6B10A04EC4862E /* Pods_reSEEtTests.framework */ = {isa = PBXFileReference; explicitFileType = wrapper.framework; includeInIndex = 0; path = Pods_reSEEtTests.framework; sourceTree = BUILT_PRODUCTS_DIR; };
		5DD4C1C7221822A300F753F9 /* reSEEt.app */ = {isa = PBXFileReference; explicitFileType = wrapper.application; includeInIndex = 0; path = reSEEt.app; sourceTree = BUILT_PRODUCTS_DIR; };
		5DD4C1CA221822A300F753F9 /* AppDelegate.swift */ = {isa = PBXFileReference; lastKnownFileType = sourcecode.swift; path = AppDelegate.swift; sourceTree = "<group>"; };
		5DD4C1CC221822A300F753F9 /* ViewController.swift */ = {isa = PBXFileReference; lastKnownFileType = sourcecode.swift; path = ViewController.swift; sourceTree = "<group>"; };
		5DD4C1D1221822A400F753F9 /* Assets.xcassets */ = {isa = PBXFileReference; lastKnownFileType = folder.assetcatalog; path = Assets.xcassets; sourceTree = "<group>"; };
		5DD4C1D4221822A400F753F9 /* Base */ = {isa = PBXFileReference; lastKnownFileType = file.storyboard; name = Base; path = Base.lproj/LaunchScreen.storyboard; sourceTree = "<group>"; };
		5DD4C1D6221822A400F753F9 /* Info.plist */ = {isa = PBXFileReference; lastKnownFileType = text.plist.xml; path = Info.plist; sourceTree = "<group>"; };
		5DD4C1DB221822A400F753F9 /* reSEEtTests.xctest */ = {isa = PBXFileReference; explicitFileType = wrapper.cfbundle; includeInIndex = 0; path = reSEEtTests.xctest; sourceTree = BUILT_PRODUCTS_DIR; };
		5DD4C1DF221822A400F753F9 /* reSEEtTests.swift */ = {isa = PBXFileReference; lastKnownFileType = sourcecode.swift; path = reSEEtTests.swift; sourceTree = "<group>"; };
		5DD4C1E1221822A400F753F9 /* Info.plist */ = {isa = PBXFileReference; lastKnownFileType = text.plist.xml; path = Info.plist; sourceTree = "<group>"; };
		5DD4C1E6221822A400F753F9 /* reSEEtUITests.xctest */ = {isa = PBXFileReference; explicitFileType = wrapper.cfbundle; includeInIndex = 0; path = reSEEtUITests.xctest; sourceTree = BUILT_PRODUCTS_DIR; };
		5DD4C1EA221822A400F753F9 /* reSEEtUITests.swift */ = {isa = PBXFileReference; lastKnownFileType = sourcecode.swift; path = reSEEtUITests.swift; sourceTree = "<group>"; };
		5DD4C1EC221822A400F753F9 /* Info.plist */ = {isa = PBXFileReference; lastKnownFileType = text.plist.xml; path = Info.plist; sourceTree = "<group>"; };
		5DD4C1F82218233100F753F9 /* GoogleService-Info.plist */ = {isa = PBXFileReference; fileEncoding = 4; lastKnownFileType = text.plist.xml; path = "GoogleService-Info.plist"; sourceTree = "<group>"; };
		7769DC4AB827685B4D6123D9 /* Pods-reSEEtTests.debug.xcconfig */ = {isa = PBXFileReference; includeInIndex = 1; lastKnownFileType = text.xcconfig; name = "Pods-reSEEtTests.debug.xcconfig"; path = "Target Support Files/Pods-reSEEtTests/Pods-reSEEtTests.debug.xcconfig"; sourceTree = "<group>"; };
		B00FF84FB5490E6C76FB4149 /* Pods-reSEEt.release.xcconfig */ = {isa = PBXFileReference; includeInIndex = 1; lastKnownFileType = text.xcconfig; name = "Pods-reSEEt.release.xcconfig"; path = "Target Support Files/Pods-reSEEt/Pods-reSEEt.release.xcconfig"; sourceTree = "<group>"; };
		B4744A0CEC8CA60300EA6780 /* Pods-reSEEtUITests.release.xcconfig */ = {isa = PBXFileReference; includeInIndex = 1; lastKnownFileType = text.xcconfig; name = "Pods-reSEEtUITests.release.xcconfig"; path = "Target Support Files/Pods-reSEEtUITests/Pods-reSEEtUITests.release.xcconfig"; sourceTree = "<group>"; };
		B6EB5219092BCA066B356105 /* Pods-reSEEt.debug.xcconfig */ = {isa = PBXFileReference; includeInIndex = 1; lastKnownFileType = text.xcconfig; name = "Pods-reSEEt.debug.xcconfig"; path = "Target Support Files/Pods-reSEEt/Pods-reSEEt.debug.xcconfig"; sourceTree = "<group>"; };
		C4C5F2EB5AEA66C5EF8F7931 /* Pods_reSEEt.framework */ = {isa = PBXFileReference; explicitFileType = wrapper.framework; includeInIndex = 0; path = Pods_reSEEt.framework; sourceTree = BUILT_PRODUCTS_DIR; };
		D78A42239117B1F067215677 /* Pods-reSEEtTests.release.xcconfig */ = {isa = PBXFileReference; includeInIndex = 1; lastKnownFileType = text.xcconfig; name = "Pods-reSEEtTests.release.xcconfig"; path = "Target Support Files/Pods-reSEEtTests/Pods-reSEEtTests.release.xcconfig"; sourceTree = "<group>"; };
		F170AB34BE24BF3C29DB0D36 /* Pods-reSEEtUITests.debug.xcconfig */ = {isa = PBXFileReference; includeInIndex = 1; lastKnownFileType = text.xcconfig; name = "Pods-reSEEtUITests.debug.xcconfig"; path = "Target Support Files/Pods-reSEEtUITests/Pods-reSEEtUITests.debug.xcconfig"; sourceTree = "<group>"; };
/* End PBXFileReference section */

/* Begin PBXFrameworksBuildPhase section */
		5DD4C1C4221822A300F753F9 /* Frameworks */ = {
			isa = PBXFrameworksBuildPhase;
			buildActionMask = 2147483647;
			files = (
				E19496A576C5ED1007301D75 /* Pods_reSEEt.framework in Frameworks */,
			);
			runOnlyForDeploymentPostprocessing = 0;
		};
		5DD4C1D8221822A400F753F9 /* Frameworks */ = {
			isa = PBXFrameworksBuildPhase;
			buildActionMask = 2147483647;
			files = (
				631B4BAC9E3E65877EFD886C /* Pods_reSEEtTests.framework in Frameworks */,
			);
			runOnlyForDeploymentPostprocessing = 0;
		};
		5DD4C1E3221822A400F753F9 /* Frameworks */ = {
			isa = PBXFrameworksBuildPhase;
			buildActionMask = 2147483647;
			files = (
				85E5099A8196060FE1A8B062 /* Pods_reSEEtUITests.framework in Frameworks */,
			);
			runOnlyForDeploymentPostprocessing = 0;
		};
/* End PBXFrameworksBuildPhase section */

/* Begin PBXGroup section */
		43592EB33CEB0D227D100D77 /* Frameworks */ = {
			isa = PBXGroup;
			children = (
				C4C5F2EB5AEA66C5EF8F7931 /* Pods_reSEEt.framework */,
				3E875C95AB6B10A04EC4862E /* Pods_reSEEtTests.framework */,
				02D87BB3F7500F6A34DC76BD /* Pods_reSEEtUITests.framework */,
			);
			name = Frameworks;
			sourceTree = "<group>";
		};
		44A4A3E8441FCFF64374BCF2 /* Pods */ = {
			isa = PBXGroup;
			children = (
				B6EB5219092BCA066B356105 /* Pods-reSEEt.debug.xcconfig */,
				B00FF84FB5490E6C76FB4149 /* Pods-reSEEt.release.xcconfig */,
				7769DC4AB827685B4D6123D9 /* Pods-reSEEtTests.debug.xcconfig */,
				D78A42239117B1F067215677 /* Pods-reSEEtTests.release.xcconfig */,
				F170AB34BE24BF3C29DB0D36 /* Pods-reSEEtUITests.debug.xcconfig */,
				B4744A0CEC8CA60300EA6780 /* Pods-reSEEtUITests.release.xcconfig */,
			);
			path = Pods;
			sourceTree = "<group>";
		};
		5DD4C1BE221822A300F753F9 = {
			isa = PBXGroup;
			children = (
				5DD4C1C9221822A300F753F9 /* reSEEt */,
				5DD4C1DE221822A400F753F9 /* reSEEtTests */,
				5DD4C1E9221822A400F753F9 /* reSEEtUITests */,
				5DD4C1C8221822A300F753F9 /* Products */,
				44A4A3E8441FCFF64374BCF2 /* Pods */,
				43592EB33CEB0D227D100D77 /* Frameworks */,
			);
			sourceTree = "<group>";
		};
		5DD4C1C8221822A300F753F9 /* Products */ = {
			isa = PBXGroup;
			children = (
				5DD4C1C7221822A300F753F9 /* reSEEt.app */,
				5DD4C1DB221822A400F753F9 /* reSEEtTests.xctest */,
				5DD4C1E6221822A400F753F9 /* reSEEtUITests.xctest */,
			);
			name = Products;
			sourceTree = "<group>";
		};
		5DD4C1C9221822A300F753F9 /* reSEEt */ = {
			isa = PBXGroup;
			children = (
				5DD4C1CA221822A300F753F9 /* AppDelegate.swift */,
				5DD4C1CC221822A300F753F9 /* ViewController.swift */,
				5DD4C1D1221822A400F753F9 /* Assets.xcassets */,
				5DD4C1D3221822A400F753F9 /* LaunchScreen.storyboard */,
				5DD4C1D6221822A400F753F9 /* Info.plist */,
				5DD4C1F82218233100F753F9 /* GoogleService-Info.plist */,
			);
			path = reSEEt;
			sourceTree = "<group>";
		};
		5DD4C1DE221822A400F753F9 /* reSEEtTests */ = {
			isa = PBXGroup;
			children = (
				5DD4C1DF221822A400F753F9 /* reSEEtTests.swift */,
				5DD4C1E1221822A400F753F9 /* Info.plist */,
			);
			path = reSEEtTests;
			sourceTree = "<group>";
		};
		5DD4C1E9221822A400F753F9 /* reSEEtUITests */ = {
			isa = PBXGroup;
			children = (
				5DD4C1EA221822A400F753F9 /* reSEEtUITests.swift */,
				5DD4C1EC221822A400F753F9 /* Info.plist */,
			);
			path = reSEEtUITests;
			sourceTree = "<group>";
		};
/* End PBXGroup section */

/* Begin PBXNativeTarget section */
		5DD4C1C6221822A300F753F9 /* reSEEt */ = {
			isa = PBXNativeTarget;
			buildConfigurationList = 5DD4C1EF221822A400F753F9 /* Build configuration list for PBXNativeTarget "reSEEt" */;
			buildPhases = (
				E5C622FE8E7CE3826D90EE6E /* [CP] Check Pods Manifest.lock */,
				5DD4C1C3221822A300F753F9 /* Sources */,
				5DD4C1C4221822A300F753F9 /* Frameworks */,
				5DD4C1C5221822A300F753F9 /* Resources */,
				7C7E61EAA7B0E366ABD29EC8 /* [CP] Embed Pods Frameworks */,
			);
			buildRules = (
			);
			dependencies = (
			);
			name = reSEEt;
			productName = reSEEt;
			productReference = 5DD4C1C7221822A300F753F9 /* reSEEt.app */;
			productType = "com.apple.product-type.application";
		};
		5DD4C1DA221822A400F753F9 /* reSEEtTests */ = {
			isa = PBXNativeTarget;
			buildConfigurationList = 5DD4C1F2221822A400F753F9 /* Build configuration list for PBXNativeTarget "reSEEtTests" */;
			buildPhases = (
				3B0E73B9126058919B38B89E /* [CP] Check Pods Manifest.lock */,
				5DD4C1D7221822A400F753F9 /* Sources */,
				5DD4C1D8221822A400F753F9 /* Frameworks */,
				5DD4C1D9221822A400F753F9 /* Resources */,
			);
			buildRules = (
			);
			dependencies = (
				5DD4C1DD221822A400F753F9 /* PBXTargetDependency */,
			);
			name = reSEEtTests;
			productName = reSEEtTests;
			productReference = 5DD4C1DB221822A400F753F9 /* reSEEtTests.xctest */;
			productType = "com.apple.product-type.bundle.unit-test";
		};
		5DD4C1E5221822A400F753F9 /* reSEEtUITests */ = {
			isa = PBXNativeTarget;
			buildConfigurationList = 5DD4C1F5221822A400F753F9 /* Build configuration list for PBXNativeTarget "reSEEtUITests" */;
			buildPhases = (
				1F87181D82BABB7E0554E7A4 /* [CP] Check Pods Manifest.lock */,
				5DD4C1E2221822A400F753F9 /* Sources */,
				5DD4C1E3221822A400F753F9 /* Frameworks */,
				5DD4C1E4221822A400F753F9 /* Resources */,
			);
			buildRules = (
			);
			dependencies = (
				5DD4C1E8221822A400F753F9 /* PBXTargetDependency */,
			);
			name = reSEEtUITests;
			productName = reSEEtUITests;
			productReference = 5DD4C1E6221822A400F753F9 /* reSEEtUITests.xctest */;
			productType = "com.apple.product-type.bundle.ui-testing";
		};
/* End PBXNativeTarget section */

/* Begin PBXProject section */
		5DD4C1BF221822A300F753F9 /* Project object */ = {
			isa = PBXProject;
			attributes = {
				LastSwiftUpdateCheck = 1010;
				LastUpgradeCheck = 1010;
				ORGANIZATIONNAME = "Caleb Kuo";
				TargetAttributes = {
					5DD4C1C6221822A300F753F9 = {
						CreatedOnToolsVersion = 10.1;
					};
					5DD4C1DA221822A400F753F9 = {
						CreatedOnToolsVersion = 10.1;
						TestTargetID = 5DD4C1C6221822A300F753F9;
					};
					5DD4C1E5221822A400F753F9 = {
						CreatedOnToolsVersion = 10.1;
						TestTargetID = 5DD4C1C6221822A300F753F9;
					};
				};
			};
			buildConfigurationList = 5DD4C1C2221822A300F753F9 /* Build configuration list for PBXProject "reSEEt" */;
			compatibilityVersion = "Xcode 9.3";
			developmentRegion = en;
			hasScannedForEncodings = 0;
			knownRegions = (
				en,
				Base,
			);
			mainGroup = 5DD4C1BE221822A300F753F9;
			productRefGroup = 5DD4C1C8221822A300F753F9 /* Products */;
			projectDirPath = "";
			projectRoot = "";
			targets = (
				5DD4C1C6221822A300F753F9 /* reSEEt */,
				5DD4C1DA221822A400F753F9 /* reSEEtTests */,
				5DD4C1E5221822A400F753F9 /* reSEEtUITests */,
			);
		};
/* End PBXProject section */

/* Begin PBXResourcesBuildPhase section */
		5DD4C1C5221822A300F753F9 /* Resources */ = {
			isa = PBXResourcesBuildPhase;
			buildActionMask = 2147483647;
			files = (
				5DD4C1D5221822A400F753F9 /* LaunchScreen.storyboard in Resources */,
				5DD4C1F92218233100F753F9 /* GoogleService-Info.plist in Resources */,
				5DD4C1D2221822A400F753F9 /* Assets.xcassets in Resources */,
			);
			runOnlyForDeploymentPostprocessing = 0;
		};
		5DD4C1D9221822A400F753F9 /* Resources */ = {
			isa = PBXResourcesBuildPhase;
			buildActionMask = 2147483647;
			files = (
				5DD4C1FA2218233100F753F9 /* GoogleService-Info.plist in Resources */,
			);
			runOnlyForDeploymentPostprocessing = 0;
		};
		5DD4C1E4221822A400F753F9 /* Resources */ = {
			isa = PBXResourcesBuildPhase;
			buildActionMask = 2147483647;
			files = (
				5DD4C1FB2218233100F753F9 /* GoogleService-Info.plist in Resources */,
			);
			runOnlyForDeploymentPostprocessing = 0;
		};
/* End PBXResourcesBuildPhase section */

/* Begin PBXShellScriptBuildPhase section */
		1F87181D82BABB7E0554E7A4 /* [CP] Check Pods Manifest.lock */ = {
			isa = PBXShellScriptBuildPhase;
			buildActionMask = 2147483647;
			files = (
			);
			inputFileListPaths = (
			);
			inputPaths = (
				"${PODS_PODFILE_DIR_PATH}/Podfile.lock",
				"${PODS_ROOT}/Manifest.lock",
			);
			name = "[CP] Check Pods Manifest.lock";
			outputFileListPaths = (
			);
			outputPaths = (
				"$(DERIVED_FILE_DIR)/Pods-reSEEtUITests-checkManifestLockResult.txt",
			);
			runOnlyForDeploymentPostprocessing = 0;
			shellPath = /bin/sh;
			shellScript = "diff \"${PODS_PODFILE_DIR_PATH}/Podfile.lock\" \"${PODS_ROOT}/Manifest.lock\" > /dev/null\nif [ $? != 0 ] ; then\n    # print error to STDERR\n    echo \"error: The sandbox is not in sync with the Podfile.lock. Run 'pod install' or update your CocoaPods installation.\" >&2\n    exit 1\nfi\n# This output is used by Xcode 'outputs' to avoid re-running this script phase.\necho \"SUCCESS\" > \"${SCRIPT_OUTPUT_FILE_0}\"\n";
			showEnvVarsInLog = 0;
		};
		3B0E73B9126058919B38B89E /* [CP] Check Pods Manifest.lock */ = {
			isa = PBXShellScriptBuildPhase;
			buildActionMask = 2147483647;
			files = (
			);
			inputFileListPaths = (
			);
			inputPaths = (
				"${PODS_PODFILE_DIR_PATH}/Podfile.lock",
				"${PODS_ROOT}/Manifest.lock",
			);
			name = "[CP] Check Pods Manifest.lock";
			outputFileListPaths = (
			);
			outputPaths = (
				"$(DERIVED_FILE_DIR)/Pods-reSEEtTests-checkManifestLockResult.txt",
			);
			runOnlyForDeploymentPostprocessing = 0;
			shellPath = /bin/sh;
			shellScript = "diff \"${PODS_PODFILE_DIR_PATH}/Podfile.lock\" \"${PODS_ROOT}/Manifest.lock\" > /dev/null\nif [ $? != 0 ] ; then\n    # print error to STDERR\n    echo \"error: The sandbox is not in sync with the Podfile.lock. Run 'pod install' or update your CocoaPods installation.\" >&2\n    exit 1\nfi\n# This output is used by Xcode 'outputs' to avoid re-running this script phase.\necho \"SUCCESS\" > \"${SCRIPT_OUTPUT_FILE_0}\"\n";
			showEnvVarsInLog = 0;
		};
		7C7E61EAA7B0E366ABD29EC8 /* [CP] Embed Pods Frameworks */ = {
			isa = PBXShellScriptBuildPhase;
			buildActionMask = 2147483647;
			files = (
			);
			inputFileListPaths = (
			);
			inputPaths = (
				"${PODS_ROOT}/Target Support Files/Pods-reSEEt/Pods-reSEEt-frameworks.sh",
				"${BUILT_PRODUCTS_DIR}/GTMSessionFetcher/GTMSessionFetcher.framework",
				"${BUILT_PRODUCTS_DIR}/GoogleAPIClientForREST/GoogleAPIClientForREST.framework",
				"${BUILT_PRODUCTS_DIR}/GoogleToolboxForMac/GoogleToolboxForMac.framework",
				"${BUILT_PRODUCTS_DIR}/GoogleUtilities/GoogleUtilities.framework",
				"${BUILT_PRODUCTS_DIR}/Protobuf/Protobuf.framework",
				"${BUILT_PRODUCTS_DIR}/nanopb/nanopb.framework",
			);
			name = "[CP] Embed Pods Frameworks";
			outputFileListPaths = (
			);
			outputPaths = (
				"${TARGET_BUILD_DIR}/${FRAMEWORKS_FOLDER_PATH}/GTMSessionFetcher.framework",
				"${TARGET_BUILD_DIR}/${FRAMEWORKS_FOLDER_PATH}/GoogleAPIClientForREST.framework",
				"${TARGET_BUILD_DIR}/${FRAMEWORKS_FOLDER_PATH}/GoogleToolboxForMac.framework",
				"${TARGET_BUILD_DIR}/${FRAMEWORKS_FOLDER_PATH}/GoogleUtilities.framework",
				"${TARGET_BUILD_DIR}/${FRAMEWORKS_FOLDER_PATH}/Protobuf.framework",
				"${TARGET_BUILD_DIR}/${FRAMEWORKS_FOLDER_PATH}/nanopb.framework",
			);
			runOnlyForDeploymentPostprocessing = 0;
			shellPath = /bin/sh;
			shellScript = "\"${PODS_ROOT}/Target Support Files/Pods-reSEEt/Pods-reSEEt-frameworks.sh\"\n";
			showEnvVarsInLog = 0;
		};
		E5C622FE8E7CE3826D90EE6E /* [CP] Check Pods Manifest.lock */ = {
			isa = PBXShellScriptBuildPhase;
			buildActionMask = 2147483647;
			files = (
			);
			inputFileListPaths = (
			);
			inputPaths = (
				"${PODS_PODFILE_DIR_PATH}/Podfile.lock",
				"${PODS_ROOT}/Manifest.lock",
			);
			name = "[CP] Check Pods Manifest.lock";
			outputFileListPaths = (
			);
			outputPaths = (
				"$(DERIVED_FILE_DIR)/Pods-reSEEt-checkManifestLockResult.txt",
			);
			runOnlyForDeploymentPostprocessing = 0;
			shellPath = /bin/sh;
			shellScript = "diff \"${PODS_PODFILE_DIR_PATH}/Podfile.lock\" \"${PODS_ROOT}/Manifest.lock\" > /dev/null\nif [ $? != 0 ] ; then\n    # print error to STDERR\n    echo \"error: The sandbox is not in sync with the Podfile.lock. Run 'pod install' or update your CocoaPods installation.\" >&2\n    exit 1\nfi\n# This output is used by Xcode 'outputs' to avoid re-running this script phase.\necho \"SUCCESS\" > \"${SCRIPT_OUTPUT_FILE_0}\"\n";
			showEnvVarsInLog = 0;
		};
/* End PBXShellScriptBuildPhase section */

/* Begin PBXSourcesBuildPhase section */
		5DD4C1C3221822A300F753F9 /* Sources */ = {
			isa = PBXSourcesBuildPhase;
			buildActionMask = 2147483647;
			files = (
				5DD4C1CD221822A300F753F9 /* ViewController.swift in Sources */,
				5DD4C1CB221822A300F753F9 /* AppDelegate.swift in Sources */,
			);
			runOnlyForDeploymentPostprocessing = 0;
		};
		5DD4C1D7221822A400F753F9 /* Sources */ = {
			isa = PBXSourcesBuildPhase;
			buildActionMask = 2147483647;
			files = (
				5DD4C1E0221822A400F753F9 /* reSEEtTests.swift in Sources */,
			);
			runOnlyForDeploymentPostprocessing = 0;
		};
		5DD4C1E2221822A400F753F9 /* Sources */ = {
			isa = PBXSourcesBuildPhase;
			buildActionMask = 2147483647;
			files = (
				5DD4C1EB221822A400F753F9 /* reSEEtUITests.swift in Sources */,
			);
			runOnlyForDeploymentPostprocessing = 0;
		};
/* End PBXSourcesBuildPhase section */

/* Begin PBXTargetDependency section */
		5DD4C1DD221822A400F753F9 /* PBXTargetDependency */ = {
			isa = PBXTargetDependency;
			target = 5DD4C1C6221822A300F753F9 /* reSEEt */;
			targetProxy = 5DD4C1DC221822A400F753F9 /* PBXContainerItemProxy */;
		};
		5DD4C1E8221822A400F753F9 /* PBXTargetDependency */ = {
			isa = PBXTargetDependency;
			target = 5DD4C1C6221822A300F753F9 /* reSEEt */;
			targetProxy = 5DD4C1E7221822A400F753F9 /* PBXContainerItemProxy */;
		};
/* End PBXTargetDependency section */

/* Begin PBXVariantGroup section */
		5DD4C1D3221822A400F753F9 /* LaunchScreen.storyboard */ = {
			isa = PBXVariantGroup;
			children = (
				5DD4C1D4221822A400F753F9 /* Base */,
			);
			name = LaunchScreen.storyboard;
			sourceTree = "<group>";
		};
/* End PBXVariantGroup section */

/* Begin XCBuildConfiguration section */
		5DD4C1ED221822A400F753F9 /* Debug */ = {
			isa = XCBuildConfiguration;
			buildSettings = {
				ALWAYS_SEARCH_USER_PATHS = NO;
				CLANG_ANALYZER_NONNULL = YES;
				CLANG_ANALYZER_NUMBER_OBJECT_CONVERSION = YES_AGGRESSIVE;
				CLANG_CXX_LANGUAGE_STANDARD = "gnu++14";
				CLANG_CXX_LIBRARY = "libc++";
				CLANG_ENABLE_MODULES = YES;
				CLANG_ENABLE_OBJC_ARC = YES;
				CLANG_ENABLE_OBJC_WEAK = YES;
				CLANG_WARN_BLOCK_CAPTURE_AUTORELEASING = YES;
				CLANG_WARN_BOOL_CONVERSION = YES;
				CLANG_WARN_COMMA = YES;
				CLANG_WARN_CONSTANT_CONVERSION = YES;
				CLANG_WARN_DEPRECATED_OBJC_IMPLEMENTATIONS = YES;
				CLANG_WARN_DIRECT_OBJC_ISA_USAGE = YES_ERROR;
				CLANG_WARN_DOCUMENTATION_COMMENTS = YES;
				CLANG_WARN_EMPTY_BODY = YES;
				CLANG_WARN_ENUM_CONVERSION = YES;
				CLANG_WARN_INFINITE_RECURSION = YES;
				CLANG_WARN_INT_CONVERSION = YES;
				CLANG_WARN_NON_LITERAL_NULL_CONVERSION = YES;
				CLANG_WARN_OBJC_IMPLICIT_RETAIN_SELF = YES;
				CLANG_WARN_OBJC_LITERAL_CONVERSION = YES;
				CLANG_WARN_OBJC_ROOT_CLASS = YES_ERROR;
				CLANG_WARN_RANGE_LOOP_ANALYSIS = YES;
				CLANG_WARN_STRICT_PROTOTYPES = YES;
				CLANG_WARN_SUSPICIOUS_MOVE = YES;
				CLANG_WARN_UNGUARDED_AVAILABILITY = YES_AGGRESSIVE;
				CLANG_WARN_UNREACHABLE_CODE = YES;
				CLANG_WARN__DUPLICATE_METHOD_MATCH = YES;
				CODE_SIGN_IDENTITY = "iPhone Developer";
				COPY_PHASE_STRIP = NO;
				DEBUG_INFORMATION_FORMAT = dwarf;
				ENABLE_STRICT_OBJC_MSGSEND = YES;
				ENABLE_TESTABILITY = YES;
				GCC_C_LANGUAGE_STANDARD = gnu11;
				GCC_DYNAMIC_NO_PIC = NO;
				GCC_NO_COMMON_BLOCKS = YES;
				GCC_OPTIMIZATION_LEVEL = 0;
				GCC_PREPROCESSOR_DEFINITIONS = (
					"DEBUG=1",
					"$(inherited)",
				);
				GCC_WARN_64_TO_32_BIT_CONVERSION = YES;
				GCC_WARN_ABOUT_RETURN_TYPE = YES_ERROR;
				GCC_WARN_UNDECLARED_SELECTOR = YES;
				GCC_WARN_UNINITIALIZED_AUTOS = YES_AGGRESSIVE;
				GCC_WARN_UNUSED_FUNCTION = YES;
				GCC_WARN_UNUSED_VARIABLE = YES;
				IPHONEOS_DEPLOYMENT_TARGET = 12.1;
				MTL_ENABLE_DEBUG_INFO = INCLUDE_SOURCE;
				MTL_FAST_MATH = YES;
				ONLY_ACTIVE_ARCH = YES;
				SDKROOT = iphoneos;
				SWIFT_ACTIVE_COMPILATION_CONDITIONS = DEBUG;
				SWIFT_OPTIMIZATION_LEVEL = "-Onone";
			};
			name = Debug;
		};
		5DD4C1EE221822A400F753F9 /* Release */ = {
			isa = XCBuildConfiguration;
			buildSettings = {
				ALWAYS_SEARCH_USER_PATHS = NO;
				CLANG_ANALYZER_NONNULL = YES;
				CLANG_ANALYZER_NUMBER_OBJECT_CONVERSION = YES_AGGRESSIVE;
				CLANG_CXX_LANGUAGE_STANDARD = "gnu++14";
				CLANG_CXX_LIBRARY = "libc++";
				CLANG_ENABLE_MODULES = YES;
				CLANG_ENABLE_OBJC_ARC = YES;
				CLANG_ENABLE_OBJC_WEAK = YES;
				CLANG_WARN_BLOCK_CAPTURE_AUTORELEASING = YES;
				CLANG_WARN_BOOL_CONVERSION = YES;
				CLANG_WARN_COMMA = YES;
				CLANG_WARN_CONSTANT_CONVERSION = YES;
				CLANG_WARN_DEPRECATED_OBJC_IMPLEMENTATIONS = YES;
				CLANG_WARN_DIRECT_OBJC_ISA_USAGE = YES_ERROR;
				CLANG_WARN_DOCUMENTATION_COMMENTS = YES;
				CLANG_WARN_EMPTY_BODY = YES;
				CLANG_WARN_ENUM_CONVERSION = YES;
				CLANG_WARN_INFINITE_RECURSION = YES;
				CLANG_WARN_INT_CONVERSION = YES;
				CLANG_WARN_NON_LITERAL_NULL_CONVERSION = YES;
				CLANG_WARN_OBJC_IMPLICIT_RETAIN_SELF = YES;
				CLANG_WARN_OBJC_LITERAL_CONVERSION = YES;
				CLANG_WARN_OBJC_ROOT_CLASS = YES_ERROR;
				CLANG_WARN_RANGE_LOOP_ANALYSIS = YES;
				CLANG_WARN_STRICT_PROTOTYPES = YES;
				CLANG_WARN_SUSPICIOUS_MOVE = YES;
				CLANG_WARN_UNGUARDED_AVAILABILITY = YES_AGGRESSIVE;
				CLANG_WARN_UNREACHABLE_CODE = YES;
				CLANG_WARN__DUPLICATE_METHOD_MATCH = YES;
				CODE_SIGN_IDENTITY = "iPhone Developer";
				COPY_PHASE_STRIP = NO;
				DEBUG_INFORMATION_FORMAT = "dwarf-with-dsym";
				ENABLE_NS_ASSERTIONS = NO;
				ENABLE_STRICT_OBJC_MSGSEND = YES;
				GCC_C_LANGUAGE_STANDARD = gnu11;
				GCC_NO_COMMON_BLOCKS = YES;
				GCC_WARN_64_TO_32_BIT_CONVERSION = YES;
				GCC_WARN_ABOUT_RETURN_TYPE = YES_ERROR;
				GCC_WARN_UNDECLARED_SELECTOR = YES;
				GCC_WARN_UNINITIALIZED_AUTOS = YES_AGGRESSIVE;
				GCC_WARN_UNUSED_FUNCTION = YES;
				GCC_WARN_UNUSED_VARIABLE = YES;
				IPHONEOS_DEPLOYMENT_TARGET = 12.1;
				MTL_ENABLE_DEBUG_INFO = NO;
				MTL_FAST_MATH = YES;
				SDKROOT = iphoneos;
				SWIFT_COMPILATION_MODE = wholemodule;
				SWIFT_OPTIMIZATION_LEVEL = "-O";
				VALIDATE_PRODUCT = YES;
			};
			name = Release;
		};
		5DD4C1F0221822A400F753F9 /* Debug */ = {
			isa = XCBuildConfiguration;
			baseConfigurationReference = B6EB5219092BCA066B356105 /* Pods-reSEEt.debug.xcconfig */;
			buildSettings = {
				ASSETCATALOG_COMPILER_APPICON_NAME = AppIcon;
				CODE_SIGN_STYLE = Automatic;
				INFOPLIST_FILE = reSEEt/Info.plist;
				LD_RUNPATH_SEARCH_PATHS = (
					"$(inherited)",
					"@executable_path/Frameworks",
				);
				PRODUCT_BUNDLE_IDENTIFIER = com.example.reSEEt;
				PRODUCT_NAME = "$(TARGET_NAME)";
				SWIFT_VERSION = 4.2;
				TARGETED_DEVICE_FAMILY = "1,2";
			};
			name = Debug;
		};
		5DD4C1F1221822A400F753F9 /* Release */ = {
			isa = XCBuildConfiguration;
			baseConfigurationReference = B00FF84FB5490E6C76FB4149 /* Pods-reSEEt.release.xcconfig */;
			buildSettings = {
				ASSETCATALOG_COMPILER_APPICON_NAME = AppIcon;
				CODE_SIGN_STYLE = Automatic;
				INFOPLIST_FILE = reSEEt/Info.plist;
				LD_RUNPATH_SEARCH_PATHS = (
					"$(inherited)",
					"@executable_path/Frameworks",
				);
				PRODUCT_BUNDLE_IDENTIFIER = com.example.reSEEt;
				PRODUCT_NAME = "$(TARGET_NAME)";
				SWIFT_VERSION = 4.2;
				TARGETED_DEVICE_FAMILY = "1,2";
			};
			name = Release;
		};
		5DD4C1F3221822A400F753F9 /* Debug */ = {
			isa = XCBuildConfiguration;
			baseConfigurationReference = 7769DC4AB827685B4D6123D9 /* Pods-reSEEtTests.debug.xcconfig */;
			buildSettings = {
				ALWAYS_EMBED_SWIFT_STANDARD_LIBRARIES = YES;
				BUNDLE_LOADER = "$(TEST_HOST)";
				CODE_SIGN_STYLE = Automatic;
				INFOPLIST_FILE = reSEEtTests/Info.plist;
				LD_RUNPATH_SEARCH_PATHS = (
					"$(inherited)",
					"@executable_path/Frameworks",
					"@loader_path/Frameworks",
				);
				PRODUCT_BUNDLE_IDENTIFIER = com.example.reSEEtTests;
				PRODUCT_NAME = "$(TARGET_NAME)";
				SWIFT_VERSION = 4.2;
				TARGETED_DEVICE_FAMILY = "1,2";
				TEST_HOST = "$(BUILT_PRODUCTS_DIR)/reSEEt.app/reSEEt";
			};
			name = Debug;
		};
		5DD4C1F4221822A400F753F9 /* Release */ = {
			isa = XCBuildConfiguration;
			baseConfigurationReference = D78A42239117B1F067215677 /* Pods-reSEEtTests.release.xcconfig */;
			buildSettings = {
				ALWAYS_EMBED_SWIFT_STANDARD_LIBRARIES = YES;
				BUNDLE_LOADER = "$(TEST_HOST)";
				CODE_SIGN_STYLE = Automatic;
				INFOPLIST_FILE = reSEEtTests/Info.plist;
				LD_RUNPATH_SEARCH_PATHS = (
					"$(inherited)",
					"@executable_path/Frameworks",
					"@loader_path/Frameworks",
				);
				PRODUCT_BUNDLE_IDENTIFIER = com.example.reSEEtTests;
				PRODUCT_NAME = "$(TARGET_NAME)";
				SWIFT_VERSION = 4.2;
				TARGETED_DEVICE_FAMILY = "1,2";
				TEST_HOST = "$(BUILT_PRODUCTS_DIR)/reSEEt.app/reSEEt";
			};
			name = Release;
		};
		5DD4C1F6221822A400F753F9 /* Debug */ = {
			isa = XCBuildConfiguration;
			baseConfigurationReference = F170AB34BE24BF3C29DB0D36 /* Pods-reSEEtUITests.debug.xcconfig */;
			buildSettings = {
				ALWAYS_EMBED_SWIFT_STANDARD_LIBRARIES = YES;
				CODE_SIGN_STYLE = Automatic;
				INFOPLIST_FILE = reSEEtUITests/Info.plist;
				LD_RUNPATH_SEARCH_PATHS = (
					"$(inherited)",
					"@executable_path/Frameworks",
					"@loader_path/Frameworks",
				);
				PRODUCT_BUNDLE_IDENTIFIER = com.example.reSEEtUITests;
				PRODUCT_NAME = "$(TARGET_NAME)";
				SWIFT_VERSION = 4.2;
				TARGETED_DEVICE_FAMILY = "1,2";
				TEST_TARGET_NAME = reSEEt;
			};
			name = Debug;
		};
		5DD4C1F7221822A400F753F9 /* Release */ = {
			isa = XCBuildConfiguration;
			baseConfigurationReference = B4744A0CEC8CA60300EA6780 /* Pods-reSEEtUITests.release.xcconfig */;
			buildSettings = {
				ALWAYS_EMBED_SWIFT_STANDARD_LIBRARIES = YES;
				CODE_SIGN_STYLE = Automatic;
				INFOPLIST_FILE = reSEEtUITests/Info.plist;
				LD_RUNPATH_SEARCH_PATHS = (
					"$(inherited)",
					"@executable_path/Frameworks",
					"@loader_path/Frameworks",
				);
				PRODUCT_BUNDLE_IDENTIFIER = com.example.reSEEtUITests;
				PRODUCT_NAME = "$(TARGET_NAME)";
				SWIFT_VERSION = 4.2;
				TARGETED_DEVICE_FAMILY = "1,2";
				TEST_TARGET_NAME = reSEEt;
			};
			name = Release;
		};
/* End XCBuildConfiguration section */

/* Begin XCConfigurationList section */
		5DD4C1C2221822A300F753F9 /* Build configuration list for PBXProject "reSEEt" */ = {
			isa = XCConfigurationList;
			buildConfigurations = (
				5DD4C1ED221822A400F753F9 /* Debug */,
				5DD4C1EE221822A400F753F9 /* Release */,
			);
			defaultConfigurationIsVisible = 0;
			defaultConfigurationName = Release;
		};
		5DD4C1EF221822A400F753F9 /* Build configuration list for PBXNativeTarget "reSEEt" */ = {
			isa = XCConfigurationList;
			buildConfigurations = (
				5DD4C1F0221822A400F753F9 /* Debug */,
				5DD4C1F1221822A400F753F9 /* Release */,
			);
			defaultConfigurationIsVisible = 0;
			defaultConfigurationName = Release;
		};
		5DD4C1F2221822A400F753F9 /* Build configuration list for PBXNativeTarget "reSEEtTests" */ = {
			isa = XCConfigurationList;
			buildConfigurations = (
				5DD4C1F3221822A400F753F9 /* Debug */,
				5DD4C1F4221822A400F753F9 /* Release */,
			);
			defaultConfigurationIsVisible = 0;
			defaultConfigurationName = Release;
		};
		5DD4C1F5221822A400F753F9 /* Build configuration list for PBXNativeTarget "reSEEtUITests" */ = {
			isa = XCConfigurationList;
			buildConfigurations = (
				5DD4C1F6221822A400F753F9 /* Debug */,
				5DD4C1F7221822A400F753F9 /* Release */,
			);
			defaultConfigurationIsVisible = 0;
			defaultConfigurationName = Release;
		};
/* End XCConfigurationList section */
	};
	rootObject = 5DD4C1BF221822A300F753F9 /* Project object */;
}
